{
  "version": "4",
  "specifiers": {
    "jsr:@denosaurs/plug@1": "1.0.5",
    "jsr:@denosaurs/plug@1.0.5": "1.0.5",
    "jsr:@gfx/canvas@0.5.6": "0.5.6",
    "jsr:@std/assert@0.214": "0.214.0",
    "jsr:@std/assert@0.217": "0.217.0",
    "jsr:@std/encoding@0.214": "0.214.0",
    "jsr:@std/encoding@0.217.0": "0.217.0",
    "jsr:@std/encoding@1.0.5": "1.0.5",
    "jsr:@std/fmt@0.214": "0.214.0",
    "jsr:@std/fs@0.214": "0.214.0",
    "jsr:@std/fs@0.217.0": "0.217.0",
    "jsr:@std/path@0.214": "0.214.0",
    "jsr:@std/path@0.217": "0.217.0",
    "jsr:@std/path@0.217.0": "0.217.0",
    "npm:@types/node@*": "22.5.4",
    "npm:canvas-to-buffer@*": "4.1.2",
    "npm:chess.js@*": "1.0.0-beta.8"
  },
  "jsr": {
    "@denosaurs/plug@1.0.5": {
      "integrity": "04cd988da558adc226202d88c3a434d5fcc08146eaf4baf0cea0c2284b16d2bf",
      "dependencies": [
        "jsr:@std/encoding@0.214",
        "jsr:@std/fmt",
        "jsr:@std/fs@0.214",
        "jsr:@std/path@0.214"
      ]
    },
    "@gfx/canvas@0.5.6": {
      "integrity": "4f34b91daca182fb422e308692a5fa54c2f638d2e46c587a3974c1f9233407d1",
      "dependencies": [
        "jsr:@denosaurs/plug@1",
        "jsr:@denosaurs/plug@1.0.5",
        "jsr:@std/encoding@0.217.0",
        "jsr:@std/fs@0.217.0",
        "jsr:@std/path@0.217.0"
      ]
    },
    "@std/assert@0.214.0": {
      "integrity": "55d398de76a9828fd3b1aa653f4dba3eee4c6985d90c514865d2be9bd082b140"
    },
    "@std/assert@0.217.0": {
      "integrity": "c98e279362ca6982d5285c3b89517b757c1e3477ee9f14eb2fdf80a45aaa9642"
    },
    "@std/encoding@0.214.0": {
      "integrity": "30a8713e1db22986c7e780555ffd2fefd1d4f9374d734bb41f5970f6c3352af5"
    },
    "@std/encoding@0.217.0": {
      "integrity": "b03e8ff94c98d6b6a02c02c5cf8e5d203400155516248964fc4559abc04669dc"
    },
    "@std/encoding@1.0.5": {
      "integrity": "ecf363d4fc25bd85bd915ff6733a7e79b67e0e7806334af15f4645c569fefc04"
    },
    "@std/fmt@0.214.0": {
      "integrity": "40382cff88a0783b347b4d69b94cf931ab8e549a733916718cb866c08efac4d4"
    },
    "@std/fs@0.214.0": {
      "integrity": "bc880fea0be120cb1550b1ed7faf92fe071003d83f2456a1e129b39193d85bea",
      "dependencies": [
        "jsr:@std/assert@0.214",
        "jsr:@std/path@0.214"
      ]
    },
    "@std/fs@0.217.0": {
      "integrity": "0bfff5f3618d68c385b28b4ffbf3a15c98293a0f1186444458b62e0111ce77b2",
      "dependencies": [
        "jsr:@std/assert@0.217",
        "jsr:@std/path@0.217"
      ]
    },
    "@std/path@0.214.0": {
      "integrity": "d5577c0b8d66f7e8e3586d864ebdf178bb326145a3611da5a51c961740300285",
      "dependencies": [
        "jsr:@std/assert@0.214"
      ]
    },
    "@std/path@0.217.0": {
      "integrity": "1217cc25534bca9a2f672d7fe7c6f356e4027df400c0e85c0ef3e4343bc67d11",
      "dependencies": [
        "jsr:@std/assert@0.217"
      ]
    }
  },
  "npm": {
    "@types/node@22.5.4": {
      "integrity": "sha512-FDuKUJQm/ju9fT/SeX/6+gBzoPzlVCzfzmGkwKvRHQVxi4BntVbyIwf6a4Xn62mrvndLiml6z/UBXIdEVjQLXg==",
      "dependencies": [
        "undici-types"
      ]
    },
    "canvas-to-buffer@4.1.2": {
      "integrity": "sha512-PH/rHvmMibytIRH0VgKCnM4G87rKSs+Dku0mkLaLCVLBehmPX2Mp4LzCs0S6IwdmwaKEg3QdO3zLsJI8B6zj0A==",
      "dependencies": [
        "typedarray-to-buffer"
      ]
    },
    "chess.js@1.0.0-beta.8": {
      "integrity": "sha512-UngzUMXmexcQaQA/UEJuJj5vatEy34awYMD5YMOp/FW3HM7lqspp7ymYs5JAmquDq0WROtURRfSffoa/vrCCyw=="
    },
    "typedarray-to-buffer@4.0.0": {
      "integrity": "sha512-6dOYeZfS3O9RtRD1caom0sMxgK59b27+IwoNy8RDPsmslSGOyU+mpTamlaIW7aNKi90ZQZ9DFaZL3YRoiSCULQ=="
    },
    "undici-types@6.19.8": {
      "integrity": "sha512-ve2KP6f/JnbPBFyobGHuerC9g1FYGn/F8n1LWTwNxCEzd6IfqTwUQcNXgEtmmQ6DlRrC1hrSrBnCZPokRrDHjw=="
    }
  },
  "redirects": {
    "https://deno.land/x/canvas/mod.ts": "https://deno.land/x/canvas@v1.4.2/mod.ts",
    "https://deno.land/x/skia_canvas/mod.ts": "https://deno.land/x/skia_canvas@0.5.8/mod.ts"
  },
  "remote": {
    "https://deno.land/std@0.106.0/encoding/base64.ts": "eecae390f1f1d1cae6f6c6d732ede5276bf4b9cd29b1d281678c054dc5cc009e",
    "https://deno.land/x/canvas@v1.4.1/deps.ts": "e956026d98094946166e06d7b799290b732db015813870d84e04e33ab88e98f3",
    "https://deno.land/x/canvas@v1.4.1/mod.ts": "a4e16972647ceafef58612a377a218372454c99d2c9da615a132694597114f80",
    "https://deno.land/x/canvas@v1.4.1/src/base64.ts": "0928031fdba0c43b617154fbe2eb7578366460c04da1422933ae5e936d3d0349",
    "https://deno.land/x/canvas@v1.4.1/src/canvas.ts": "58119999b04f68ebeed2627485c5c24c5b0c029707edde0b6568814f9049a3a8",
    "https://deno.land/x/canvas@v1.4.1/src/canvaskit.ts": "c3d807472cbb3e1d9fc01bb43ff974ef796c4b010178d1595be5fa793cce5e7d",
    "https://deno.land/x/canvas@v1.4.1/src/color_util.ts": "28f1072f0a5acbe7add7fac2f452311a47b44c080806fc4057de2d2e405c6c1c",
    "https://deno.land/x/canvas@v1.4.1/src/lib.js": "bb21711589bfbc8997b455cdf53e3150e23289f3b44809188041b1d2fc7924fa",
    "https://deno.land/x/canvas@v1.4.1/src/types.ts": "67d5800f8f4b0a407e0251676a03ae91b5f50a3ed53e6b72dc5984113cb93128",
    "https://deno.land/x/canvas@v1.4.1/src/wasm.js": "449d72cc14fc4142a5853f944df49a744d852981d09c5515528ede8aebb0afda",
    "https://deno.land/x/canvas@v1.4.2/deps.ts": "e956026d98094946166e06d7b799290b732db015813870d84e04e33ab88e98f3",
    "https://deno.land/x/canvas@v1.4.2/mod.ts": "a4e16972647ceafef58612a377a218372454c99d2c9da615a132694597114f80",
    "https://deno.land/x/canvas@v1.4.2/src/base64.ts": "0928031fdba0c43b617154fbe2eb7578366460c04da1422933ae5e936d3d0349",
    "https://deno.land/x/canvas@v1.4.2/src/canvas.ts": "58119999b04f68ebeed2627485c5c24c5b0c029707edde0b6568814f9049a3a8",
    "https://deno.land/x/canvas@v1.4.2/src/canvaskit.ts": "c3d807472cbb3e1d9fc01bb43ff974ef796c4b010178d1595be5fa793cce5e7d",
    "https://deno.land/x/canvas@v1.4.2/src/color_util.ts": "28f1072f0a5acbe7add7fac2f452311a47b44c080806fc4057de2d2e405c6c1c",
    "https://deno.land/x/canvas@v1.4.2/src/lib.js": "55c4064064870313439dd7ef5297374cb0cbed2dc815bd064c3ace6e067753b0",
    "https://deno.land/x/canvas@v1.4.2/src/types.ts": "67d5800f8f4b0a407e0251676a03ae91b5f50a3ed53e6b72dc5984113cb93128",
    "https://deno.land/x/canvas@v1.4.2/src/wasm.js": "449d72cc14fc4142a5853f944df49a744d852981d09c5515528ede8aebb0afda",
    "https://deno.land/x/skia_canvas@0.5.8/deno.json": "7f1017d4c9b059780f9b0678a836f73a46d5e6a377bdbdeab913c310323039fa",
    "https://deno.land/x/skia_canvas@0.5.8/deps.ts": "626609fa1170ed44c242aa640ef70aa0d631dc658ec80327b444230fb8eac071",
    "https://deno.land/x/skia_canvas@0.5.8/mod.ts": "62b65707c46334f15f94647be6280c818d90d9976ef8ca70eb607954b9539e5e",
    "https://deno.land/x/skia_canvas@0.5.8/src/canvas.ts": "2efe1bfa69328917b73d7f459a36e4f03c7365931c57733bd5efd157d0db4383",
    "https://deno.land/x/skia_canvas@0.5.8/src/context2d.ts": "ae6c4819237e728fd0804ad7cb910512d5ca836a9a2fdadc94f75ef90f9a442d",
    "https://deno.land/x/skia_canvas@0.5.8/src/dommatrix.ts": "1f09349bceb483deb2dffa514c8a940a7cd7d61a6a6d0269a3f9837ce5cbe7d6",
    "https://deno.land/x/skia_canvas@0.5.8/src/ffi.ts": "da882dee4f53e279390feac85221e0eba59a328ace688bd26dcc2a31dcc2de1f",
    "https://deno.land/x/skia_canvas@0.5.8/src/filter.ts": "e4cf8a7a76eb60325e623bba09e500c51d465e9c8b44a86e6f6e469c8358644d",
    "https://deno.land/x/skia_canvas@0.5.8/src/font.ts": "d5389bafce753429db9a211a3df623d447a20ed27ab7330f5f18146facbb7923",
    "https://deno.land/x/skia_canvas@0.5.8/src/gradient.ts": "19fc4543e75a0550a719aa123b08340b3d6255b847d85a14093ac9cc927b5b3d",
    "https://deno.land/x/skia_canvas@0.5.8/src/image.ts": "873a8be80f06d5c25277a576575ac7c8909785ca2188ebbc80775d7a98e0f7b6",
    "https://deno.land/x/skia_canvas@0.5.8/src/parse_font.ts": "1f0fda5e18237d7cc594f5605b2d4dbf4f275134a3b75b738e1327c1e6aabc57",
    "https://deno.land/x/skia_canvas@0.5.8/src/path2d.ts": "d89e5fedac323827982ee0eb47ca899d89afb7e130db3fe117a26a801ac495ba",
    "https://deno.land/x/skia_canvas@0.5.8/src/pattern.ts": "bb7d7261a41bfaaf3c144e65596201dfa538679674d8b333b2592258d745d8cc",
    "https://deno.land/x/skia_canvas@0.5.8/src/pdfdocument.ts": "ef0352f7ae7d770c9d664fa26de406027e936d8068457cc4cb480dd02f2f830a",
    "https://deno.land/x/skia_canvas@0.5.8/src/svgcanvas.ts": "7f00f75b9eb2d6d3d2bc5b0c09268f94ca69723bb6ea5a0a7f38646225ee159a",
    "https://raw.githubusercontent.com/Awesome-Tofu/deno-canvas/refs/heads/master/deps.ts": "16c5b53ffab6387238c9f1e93a06b33495805fdf5a205ec295b237327b09abe7",
    "https://raw.githubusercontent.com/Awesome-Tofu/deno-canvas/refs/heads/master/mod.ts": "716e2dbc59957bf81c3ef8126f1a9ec8c55e83d775c668dcdf1278d6102610e6",
    "https://raw.githubusercontent.com/Awesome-Tofu/deno-canvas/refs/heads/master/src/base64.ts": "0928031fdba0c43b617154fbe2eb7578366460c04da1422933ae5e936d3d0349",
    "https://raw.githubusercontent.com/Awesome-Tofu/deno-canvas/refs/heads/master/src/canvas.ts": "288ff8b4a79577aaae3030b9989da17de7df429c8b9173495f5897d716f59629",
    "https://raw.githubusercontent.com/Awesome-Tofu/deno-canvas/refs/heads/master/src/canvaskit.ts": "c3d807472cbb3e1d9fc01bb43ff974ef796c4b010178d1595be5fa793cce5e7d",
    "https://raw.githubusercontent.com/Awesome-Tofu/deno-canvas/refs/heads/master/src/color_util.ts": "28f1072f0a5acbe7add7fac2f452311a47b44c080806fc4057de2d2e405c6c1c",
    "https://raw.githubusercontent.com/Awesome-Tofu/deno-canvas/refs/heads/master/src/lib.js": "a52721817bd7c62312389455bb4a461a64355882281981565882292409f5e56b",
    "https://raw.githubusercontent.com/Awesome-Tofu/deno-canvas/refs/heads/master/src/types.ts": "67d5800f8f4b0a407e0251676a03ae91b5f50a3ed53e6b72dc5984113cb93128",
    "https://raw.githubusercontent.com/Awesome-Tofu/deno-canvas/refs/heads/master/src/wasm.js": "449d72cc14fc4142a5853f944df49a744d852981d09c5515528ede8aebb0afda"
  }
}
